# THIS IS AN AUTOGENERATED FILE. DO NOT EDIT THIS FILE DIRECTLY.
# yarn lockfile v1


prettier@^1.19.1:
  version "1.19.1"
  resolved "https://registry.yarnpkg.com/prettier/-/prettier-1.19.1.tgz#f7d7f5ff8a9cd872a7be4ca142095956a60797cb"
  integrity sha512-s7PoyDv/II1ObgQunCbB9PdLmUcBZcnWOcxDh7O0N/UwDEsHyqkW+Qh28jW+mVuCdx7gLB0BotYI1Y6uI9iyew==

sql-template-strings@^2.2.2:
  version "2.2.2"
  resolved "https://registry.yarnpkg.com/sql-template-strings/-/sql-template-strings-2.2.2.tgz#3f11508a25addfce217a3042a9d300c3193b96ff"
  integrity sha1-PxFQiiWt384hejBCqdMAwxk7lv8=
